PODS:
  - KLApplicationEntry (1.1.3):
    - KLNavigationController
  - KLNavigationController (1.1.0)

DEPENDENCIES:
  - KLApplicationEntry (from `../`)

SPEC REPOS:
  https://github.com/Kalanhall/Specs.git:
    - KLNavigationController

EXTERNAL SOURCES:
  KLApplicationEntry:
    :path: "../"

SPEC CHECKSUMS:
  KLApplicationEntry: c658692463a94c797e6d17a87dee4d028efe393e
  KLNavigationController: bc9860e43a06103f3e12b7a2b89f27de48c7ff94

PODFILE CHECKSUM: eb7f1210d0de8e3bb9e0de54010e24cba7658f1b

COCOAPODS: 1.9.1
